
Microsoft Visual Studio Solution File, Format Version 12.00
# Visual Studio Version 16
VisualStudioVersion = 16.0.30204.135
MinimumVisualStudioVersion = 10.0.40219.1
Project("{FAE04EC0-301F-11D3-BF4B-00C04F79EFBC}") = "SetParentWindow", "SetParentWindow\SetParentWindow.csproj", "{ACA68440-5613-47AA-8152-C4774027254F}"
EndProject
Global
	GlobalSection(SolutionConfigurationPlatforms) = preSolution
		Debug|Any CPU = Debug|Any CPU
		Release|Any CPU = Release|Any CPU
	EndGlobalSection
	GlobalSection(ProjectConfigurationPlatforms) = postSolution
		{ACA68440-5613-47AA-8152-C4774027254F}.Debug|Any CPU.ActiveCfg = Debug|Any CPU
		{ACA68440-5613-47AA-8152-C4774027254F}.Debug|Any CPU.Build.0 = Debug|Any CPU
		{ACA68440-5613-47AA-8152-C4774027254F}.Release|Any CPU.ActiveCfg = Release|Any CPU
		{ACA68440-5613-47AA-8152-C4774027254F}.Release|Any CPU.Build.0 = Release|Any CPU
	EndGlobalSection
	GlobalSection(SolutionProperties) = preSolution
		HideSolutionNode = FALSE
	EndGlobalSection
	GlobalSection(ExtensibilityGlobals) = postSolution
		SolutionGuid = {E3A1BD47-5FC4-44A9-A0ED-5BD7FDAF49C1}
	EndGlobalSection
EndGlobal
